
Microsoft Visual Studio Solution File, Format Version 12.00
# Visual Studio Version 16
VisualStudioVersion = 16.0.36631.11
MinimumVisualStudioVersion = 10.0.40219.1
Project("{E24C65DC-7377-472B-9ABA-BC803B73C61A}") = "Softscent_legacy2_2", "Softscent_legacy2_2\", "{22C7B149-E0BA-4F26-A161-E8BEC2AAAA84}"
	ProjectSection(WebsiteProperties) = preProject
		TargetFrameworkMoniker = ".NETFramework,Version%3Dv4.7.2"
		Debug.AspNetCompiler.VirtualPath = "/localhost_59065"
		Debug.AspNetCompiler.PhysicalPath = "Softscent_legacy2_2\"
		Debug.AspNetCompiler.TargetPath = "PrecompiledWeb\localhost_59065\"
		Debug.AspNetCompiler.Updateable = "true"
		Debug.AspNetCompiler.ForceOverwrite = "true"
		Debug.AspNetCompiler.FixedNames = "false"
		Debug.AspNetCompiler.Debug = "True"
		Release.AspNetCompiler.VirtualPath = "/localhost_59065"
		Release.AspNetCompiler.PhysicalPath = "Softscent_legacy2_2\"
		Release.AspNetCompiler.TargetPath = "PrecompiledWeb\localhost_59065\"
		Release.AspNetCompiler.Updateable = "true"
		Release.AspNetCompiler.ForceOverwrite = "true"
		Release.AspNetCompiler.FixedNames = "false"
		Release.AspNetCompiler.Debug = "False"
		VWDPort = "59065"
		SlnRelativePath = "Softscent_legacy2_2\"
		DefaultWebSiteLanguage = "Visual C#"
	EndProjectSection
EndProject
Global
	GlobalSection(SolutionConfigurationPlatforms) = preSolution
		Debug|Any CPU = Debug|Any CPU
	EndGlobalSection
	GlobalSection(ProjectConfigurationPlatforms) = postSolution
		{22C7B149-E0BA-4F26-A161-E8BEC2AAAA84}.Debug|Any CPU.ActiveCfg = Debug|Any CPU
		{22C7B149-E0BA-4F26-A161-E8BEC2AAAA84}.Debug|Any CPU.Build.0 = Debug|Any CPU
	EndGlobalSection
	GlobalSection(SolutionProperties) = preSolution
		HideSolutionNode = FALSE
	EndGlobalSection
	GlobalSection(ExtensibilityGlobals) = postSolution
		SolutionGuid = {DDDF4C01-EB7F-488C-A384-6A7988627289}
	EndGlobalSection
EndGlobal
