
Microsoft Visual Studio Solution File, Format Version 12.00
# Visual Studio Version 16
VisualStudioVersion = 16.0.36631.11
MinimumVisualStudioVersion = 10.0.40219.1
Project("{E24C65DC-7377-472B-9ABA-BC803B73C61A}") = "Softscent_legacy222", ".", "{251B5655-E647-4A08-83A7-160568145DD8}"
	ProjectSection(WebsiteProperties) = preProject
		TargetFrameworkMoniker = ".NETFramework,Version%3Dv4.7.2"
		Debug.AspNetCompiler.VirtualPath = "/localhost_63736"
		Debug.AspNetCompiler.PhysicalPath = "..\Softscent_legacy222\"
		Debug.AspNetCompiler.TargetPath = "PrecompiledWeb\localhost_63736\"
		Debug.AspNetCompiler.Updateable = "true"
		Debug.AspNetCompiler.ForceOverwrite = "true"
		Debug.AspNetCompiler.FixedNames = "false"
		Debug.AspNetCompiler.Debug = "True"
		Release.AspNetCompiler.VirtualPath = "/localhost_63736"
		Release.AspNetCompiler.PhysicalPath = "..\Softscent_legacy222\"
		Release.AspNetCompiler.TargetPath = "PrecompiledWeb\localhost_63736\"
		Release.AspNetCompiler.Updateable = "true"
		Release.AspNetCompiler.ForceOverwrite = "true"
		Release.AspNetCompiler.FixedNames = "false"
		Release.AspNetCompiler.Debug = "False"
		VWDPort = "63736"
		SlnRelativePath = "..\Softscent_legacy222\"
		DefaultWebSiteLanguage = "Visual C#"
	EndProjectSection
EndProject
Global
	GlobalSection(SolutionConfigurationPlatforms) = preSolution
		Debug|Any CPU = Debug|Any CPU
	EndGlobalSection
	GlobalSection(ProjectConfigurationPlatforms) = postSolution
		{251B5655-E647-4A08-83A7-160568145DD8}.Debug|Any CPU.ActiveCfg = Debug|Any CPU
		{251B5655-E647-4A08-83A7-160568145DD8}.Debug|Any CPU.Build.0 = Debug|Any CPU
	EndGlobalSection
	GlobalSection(SolutionProperties) = preSolution
		HideSolutionNode = FALSE
	EndGlobalSection
	GlobalSection(ExtensibilityGlobals) = postSolution
		SolutionGuid = {3789457C-66AE-4E87-A617-F672D255842F}
	EndGlobalSection
EndGlobal
